
Microsoft Visual Studio Solution File, Format Version 12.00
# Visual Studio Version 17
VisualStudioVersion = 17.14.37012.4
MinimumVisualStudioVersion = 10.0.40219.1
Project("{FAE04EC0-301F-11D3-BF4B-00C04F79EFBC}") = "Core.Persistence", "Core.Packages\Core.Persistence.csproj", "{18F525A4-E7E2-487E-8C7C-853B907CD285}"
EndProject
Project("{FAE04EC0-301F-11D3-BF4B-00C04F79EFBC}") = "Core.Application", "Core.Application\Core.Application.csproj", "{1B5D2603-4705-4273-A3F2-6C6DE4943CA2}"
EndProject
Global
	GlobalSection(SolutionConfigurationPlatforms) = preSolution
		Debug|Any CPU = Debug|Any CPU
		Release|Any CPU = Release|Any CPU
	EndGlobalSection
	GlobalSection(ProjectConfigurationPlatforms) = postSolution
		{18F525A4-E7E2-487E-8C7C-853B907CD285}.Debug|Any CPU.ActiveCfg = Debug|Any CPU
		{18F525A4-E7E2-487E-8C7C-853B907CD285}.Debug|Any CPU.Build.0 = Debug|Any CPU
		{18F525A4-E7E2-487E-8C7C-853B907CD285}.Release|Any CPU.ActiveCfg = Release|Any CPU
		{18F525A4-E7E2-487E-8C7C-853B907CD285}.Release|Any CPU.Build.0 = Release|Any CPU
		{1B5D2603-4705-4273-A3F2-6C6DE4943CA2}.Debug|Any CPU.ActiveCfg = Debug|Any CPU
		{1B5D2603-4705-4273-A3F2-6C6DE4943CA2}.Debug|Any CPU.Build.0 = Debug|Any CPU
		{1B5D2603-4705-4273-A3F2-6C6DE4943CA2}.Release|Any CPU.ActiveCfg = Release|Any CPU
		{1B5D2603-4705-4273-A3F2-6C6DE4943CA2}.Release|Any CPU.Build.0 = Release|Any CPU
	EndGlobalSection
	GlobalSection(SolutionProperties) = preSolution
		HideSolutionNode = FALSE
	EndGlobalSection
	GlobalSection(ExtensibilityGlobals) = postSolution
		SolutionGuid = {C409FADA-3B60-4440-820B-DA924D83BD60}
	EndGlobalSection
EndGlobal
